
Microsoft Visual Studio Solution File, Format Version 12.00
# Visual Studio Version 16
VisualStudioVersion = 16.0.30413.136
MinimumVisualStudioVersion = 10.0.40219.1
Project("{FAE04EC0-301F-11D3-BF4B-00C04F79EFBC}") = "Xml manipulation", "Xml manipulation.csproj", "{98AAAD43-E77C-4A1B-9C3F-9E9296711B61}"
EndProject
Global
	GlobalSection(SolutionConfigurationPlatforms) = preSolution
		Debug|Any CPU = Debug|Any CPU
		Release|Any CPU = Release|Any CPU
	EndGlobalSection
	GlobalSection(ProjectConfigurationPlatforms) = postSolution
		{98AAAD43-E77C-4A1B-9C3F-9E9296711B61}.Debug|Any CPU.ActiveCfg = Debug|Any CPU
		{98AAAD43-E77C-4A1B-9C3F-9E9296711B61}.Debug|Any CPU.Build.0 = Debug|Any CPU
		{98AAAD43-E77C-4A1B-9C3F-9E9296711B61}.Release|Any CPU.ActiveCfg = Release|Any CPU
		{98AAAD43-E77C-4A1B-9C3F-9E9296711B61}.Release|Any CPU.Build.0 = Release|Any CPU
	EndGlobalSection
	GlobalSection(SolutionProperties) = preSolution
		HideSolutionNode = FALSE
	EndGlobalSection
	GlobalSection(ExtensibilityGlobals) = postSolution
		SolutionGuid = {E099D498-C06E-4EEA-9A38-D08CF1DE942C}
	EndGlobalSection
EndGlobal
